
Microsoft Visual Studio Solution File, Format Version 12.00
# Visual Studio Version 16
VisualStudioVersion = 16.0.31424.327
MinimumVisualStudioVersion = 10.0.40219.1
Project("{FAE04EC0-301F-11D3-BF4B-00C04F79EFBC}") = "ECommerceApp", "ECommerceApp\ECommerceApp.csproj", "{DA57D1BC-8006-4B0F-9FC0-5C8A4783A075}"
EndProject
Global
	GlobalSection(SolutionConfigurationPlatforms) = preSolution
		Debug|Any CPU = Debug|Any CPU
		Release|Any CPU = Release|Any CPU
	EndGlobalSection
	GlobalSection(ProjectConfigurationPlatforms) = postSolution
		{DA57D1BC-8006-4B0F-9FC0-5C8A4783A075}.Debug|Any CPU.ActiveCfg = Debug|Any CPU
		{DA57D1BC-8006-4B0F-9FC0-5C8A4783A075}.Debug|Any CPU.Build.0 = Debug|Any CPU
		{DA57D1BC-8006-4B0F-9FC0-5C8A4783A075}.Release|Any CPU.ActiveCfg = Release|Any CPU
		{DA57D1BC-8006-4B0F-9FC0-5C8A4783A075}.Release|Any CPU.Build.0 = Release|Any CPU
	EndGlobalSection
	GlobalSection(SolutionProperties) = preSolution
		HideSolutionNode = FALSE
	EndGlobalSection
	GlobalSection(ExtensibilityGlobals) = postSolution
		SolutionGuid = {98961A7A-E8E6-4166-95D1-6694DF6A1862}
	EndGlobalSection
EndGlobal
